
Microsoft Visual Studio Solution File, Format Version 12.00
# Visual Studio 15
VisualStudioVersion = 15.0.27703.2042
MinimumVisualStudioVersion = 10.0.40219.1
Project("{2150E333-8FDC-42A3-9474-1A3956D46DE8}") = "Plugins", "Plugins", "{E7D54F0D-AF17-4985-8CE7-5CBD87C2BBD7}"
EndProject
Project("{2150E333-8FDC-42A3-9474-1A3956D46DE8}") = "Core", "Core", "{1D50E438-BDB8-4994-982C-DCD2D74DDE3F}"
EndProject
Project("{2150E333-8FDC-42A3-9474-1A3956D46DE8}") = "munERP", "munERP", "{06BB4D40-482A-43E0-9815-DAC13F4D6503}"
EndProject
Project("{FAE04EC0-301F-11D3-BF4B-00C04F79EFBC}") = "MunCode.munERP.Client.Win.Shell", "MunCode.munERP.Client.Win.Shell\MunCode.munERP.Client.Win.Shell.csproj", "{4D4C6B1E-8A1E-4902-A310-A00816DBD359}"
	ProjectSection(ProjectDependencies) = postProject
		{F4275E3C-8414-4471-9AA8-1315BF3DAF29} = {F4275E3C-8414-4471-9AA8-1315BF3DAF29}
		{4420B0F5-78ED-4B85-923A-FE4E261514EB} = {4420B0F5-78ED-4B85-923A-FE4E261514EB}
	EndProjectSection
EndProject
Project("{FAE04EC0-301F-11D3-BF4B-00C04F79EFBC}") = "MunCode.Core.Caliburn.Plugin.Castle", "MunCode.Core.Caliburn.Plugin.Castle\MunCode.Core.Caliburn.Plugin.Castle.csproj", "{4420B0F5-78ED-4B85-923A-FE4E261514EB}"
EndProject
Project("{FAE04EC0-301F-11D3-BF4B-00C04F79EFBC}") = "MunCode.Core.Caliburn", "MunCode.Core.Caliburn\MunCode.Core.Caliburn.csproj", "{1134A6F2-8AD4-4F9E-BA7A-2CD850A8AE70}"
EndProject
Project("{FAE04EC0-301F-11D3-BF4B-00C04F79EFBC}") = "MunCode.munERP.Client.Win.Sales", "MunCode.munERP.Client.Win.Sales\MunCode.munERP.Client.Win.Sales.csproj", "{F4275E3C-8414-4471-9AA8-1315BF3DAF29}"
EndProject
Global
	GlobalSection(SolutionConfigurationPlatforms) = preSolution
		Debug|Any CPU = Debug|Any CPU
		Release|Any CPU = Release|Any CPU
	EndGlobalSection
	GlobalSection(ProjectConfigurationPlatforms) = postSolution
		{4D4C6B1E-8A1E-4902-A310-A00816DBD359}.Debug|Any CPU.ActiveCfg = Debug|Any CPU
		{4D4C6B1E-8A1E-4902-A310-A00816DBD359}.Debug|Any CPU.Build.0 = Debug|Any CPU
		{4D4C6B1E-8A1E-4902-A310-A00816DBD359}.Release|Any CPU.ActiveCfg = Release|Any CPU
		{4D4C6B1E-8A1E-4902-A310-A00816DBD359}.Release|Any CPU.Build.0 = Release|Any CPU
		{4420B0F5-78ED-4B85-923A-FE4E261514EB}.Debug|Any CPU.ActiveCfg = Debug|Any CPU
		{4420B0F5-78ED-4B85-923A-FE4E261514EB}.Debug|Any CPU.Build.0 = Debug|Any CPU
		{4420B0F5-78ED-4B85-923A-FE4E261514EB}.Release|Any CPU.ActiveCfg = Release|Any CPU
		{4420B0F5-78ED-4B85-923A-FE4E261514EB}.Release|Any CPU.Build.0 = Release|Any CPU
		{1134A6F2-8AD4-4F9E-BA7A-2CD850A8AE70}.Debug|Any CPU.ActiveCfg = Debug|Any CPU
		{1134A6F2-8AD4-4F9E-BA7A-2CD850A8AE70}.Debug|Any CPU.Build.0 = Debug|Any CPU
		{1134A6F2-8AD4-4F9E-BA7A-2CD850A8AE70}.Release|Any CPU.ActiveCfg = Release|Any CPU
		{1134A6F2-8AD4-4F9E-BA7A-2CD850A8AE70}.Release|Any CPU.Build.0 = Release|Any CPU
		{F4275E3C-8414-4471-9AA8-1315BF3DAF29}.Debug|Any CPU.ActiveCfg = Debug|Any CPU
		{F4275E3C-8414-4471-9AA8-1315BF3DAF29}.Debug|Any CPU.Build.0 = Debug|Any CPU
		{F4275E3C-8414-4471-9AA8-1315BF3DAF29}.Release|Any CPU.ActiveCfg = Release|Any CPU
		{F4275E3C-8414-4471-9AA8-1315BF3DAF29}.Release|Any CPU.Build.0 = Release|Any CPU
	EndGlobalSection
	GlobalSection(SolutionProperties) = preSolution
		HideSolutionNode = FALSE
	EndGlobalSection
	GlobalSection(NestedProjects) = preSolution
		{E7D54F0D-AF17-4985-8CE7-5CBD87C2BBD7} = {1D50E438-BDB8-4994-982C-DCD2D74DDE3F}
		{4D4C6B1E-8A1E-4902-A310-A00816DBD359} = {06BB4D40-482A-43E0-9815-DAC13F4D6503}
		{4420B0F5-78ED-4B85-923A-FE4E261514EB} = {E7D54F0D-AF17-4985-8CE7-5CBD87C2BBD7}
		{1134A6F2-8AD4-4F9E-BA7A-2CD850A8AE70} = {1D50E438-BDB8-4994-982C-DCD2D74DDE3F}
		{F4275E3C-8414-4471-9AA8-1315BF3DAF29} = {06BB4D40-482A-43E0-9815-DAC13F4D6503}
	EndGlobalSection
	GlobalSection(ExtensibilityGlobals) = postSolution
		SolutionGuid = {9F133B5F-9847-4630-A845-8046033BD3C2}
	EndGlobalSection
EndGlobal
