
Microsoft Visual Studio Solution File, Format Version 12.00
# Visual Studio 15
VisualStudioVersion = 15.0.27130.2010
MinimumVisualStudioVersion = 10.0.40219.1
Project("{9A19103F-16F7-4668-BE54-9A1E7A4F7556}") = "MunCode.Core", "MunCode.Core\MunCode.Core.csproj", "{A828B806-2A01-4486-B7EE-29B52445490D}"
EndProject
Project("{9A19103F-16F7-4668-BE54-9A1E7A4F7556}") = "MunCode.Core.Log4net", "MunCode.Core.Log4net\MunCode.Core.Log4net.csproj", "{26CCDA8A-8BCB-45C6-96F1-E31BA9977B71}"
EndProject
Project("{9A19103F-16F7-4668-BE54-9A1E7A4F7556}") = "MunCode.Core.Messaging.Api.Plugin.Castle", "MunCode.Core.Messaging.Api.Plugin.Castle\MunCode.Core.Messaging.Api.Plugin.Castle.csproj", "{C65FF524-F4FB-481C-934B-744046B902CF}"
EndProject
Project("{9A19103F-16F7-4668-BE54-9A1E7A4F7556}") = "MunCode.Core.EasyNetQ", "MunCode.Core.EasyNetQ\MunCode.Core.EasyNetQ.csproj", "{5B598F06-8141-4385-A07F-F7A1567D5464}"
EndProject
Project("{9A19103F-16F7-4668-BE54-9A1E7A4F7556}") = "MunCode.Core.AspNetCore.Host", "MunCode.Core.AspNetCore.Host\MunCode.Core.AspNetCore.Host.csproj", "{D4A11F5A-5853-4CF1-BDA7-FAF089BEAE1C}"
EndProject
Project("{9A19103F-16F7-4668-BE54-9A1E7A4F7556}") = "MunCode.Core.Messaging.AspNetCore.Plugin.Castle", "MunCode.Core.Messaging.AspNetCore.Plugin.Castle\MunCode.Core.Messaging.AspNetCore.Plugin.Castle.csproj", "{ABE7A492-67D7-4ECF-9D47-7A2551D092CA}"
EndProject
Project("{9A19103F-16F7-4668-BE54-9A1E7A4F7556}") = "MunCode.Core.AspNetCore", "MunCode.Core.AspNetCore\MunCode.Core.AspNetCore.csproj", "{3BA36C1D-646C-46D9-A324-FE162C388082}"
EndProject
Project("{9A19103F-16F7-4668-BE54-9A1E7A4F7556}") = "MunCode.Core.AppHosting.Plugin.Castle", "MunCode.Core.AppHosting.Plugin.Castle\MunCode.Core.AppHosting.Plugin.Castle.csproj", "{3588964A-2534-4DB5-9F1E-C2CE55AAE7C1}"
EndProject
Project("{9A19103F-16F7-4668-BE54-9A1E7A4F7556}") = "MunCode.Core.Http", "MunCode.Core.Http\MunCode.Core.Http.csproj", "{FAE7D438-F316-46AA-B259-DB9C4CC2E6DE}"
EndProject
Project("{2150E333-8FDC-42A3-9474-1A3956D46DE8}") = "Plugins", "Plugins", "{2BB5B1E0-25DB-4792-9C79-8C3AD1FA1FB1}"
EndProject
Project("{9A19103F-16F7-4668-BE54-9A1E7A4F7556}") = "MunCode.Core.Messaging.Gateway.Plugin.Castle", "MunCode.Core.Messaging.Gateway.Plugin.Castle\MunCode.Core.Messaging.Gateway.Plugin.Castle.csproj", "{8A590FEF-D726-4225-AE80-53F121D1C57B}"
EndProject
Project("{9A19103F-16F7-4668-BE54-9A1E7A4F7556}") = "MunCode.Core.Messaging.Plugin.Castle", "MunCode.Core.Messaging.Plugin.Castle\MunCode.Core.Messaging.Plugin.Castle.csproj", "{CD143E8A-21FE-45A6-AB2F-2F3C2E6BC3E9}"
EndProject
Project("{9A19103F-16F7-4668-BE54-9A1E7A4F7556}") = "MunCode.Core.Messaging.EasyNetQ.Plugin.Castle", "MunCode.Core.Messaging.EasyNetQ.Plugin.Castle\MunCode.Core.Messaging.EasyNetQ.Plugin.Castle.csproj", "{8D55B87C-7EB5-42C0-A8FC-5AF4F5AA919D}"
EndProject
Project("{9A19103F-16F7-4668-BE54-9A1E7A4F7556}") = "MunCode.Core.Log4net.Plugin.Castle", "MunCode.Core.Log4net.Plugin.Castle\MunCode.Core.Log4net.Plugin.Castle.csproj", "{D015E943-138E-4D34-866B-4902FD211D18}"
EndProject
Project("{9A19103F-16F7-4668-BE54-9A1E7A4F7556}") = "MunCode.Core.EFCore", "MunCode.Core.EFCore\MunCode.Core.EFCore.csproj", "{49A02F0A-BDBE-4A9B-8943-704B02232F9D}"
EndProject
Project("{2150E333-8FDC-42A3-9474-1A3956D46DE8}") = "munERP", "munERP", "{35099B72-EC25-4F7A-9683-770F633E13C1}"
EndProject
Project("{9A19103F-16F7-4668-BE54-9A1E7A4F7556}") = "MunCode.munERP.Accounting.Model", "MunCode.munERP.Accounting.Model\MunCode.munERP.Accounting.Model.csproj", "{5B014233-A4EA-41AC-B029-1A7F13535083}"
EndProject
Project("{9A19103F-16F7-4668-BE54-9A1E7A4F7556}") = "MunCode.munERP.Accounting.Api", "MunCode.munERP.Accounting.Api\MunCode.munERP.Accounting.Api.csproj", "{6E87EAA5-2A4F-4068-B300-198D5A32D764}"
EndProject
Project("{2150E333-8FDC-42A3-9474-1A3956D46DE8}") = "Plugins", "Plugins", "{0756FDD3-F5A7-4F72-B5DA-A77F42E5B0B2}"
EndProject
Project("{9A19103F-16F7-4668-BE54-9A1E7A4F7556}") = "MunCode.Core.EFCore.Plugin.Castle", "MunCode.Core.EFCore.Plugin.Castle\MunCode.Core.EFCore.Plugin.Castle.csproj", "{5DD664F9-382E-48AA-8025-1D963CDD1A77}"
EndProject
Project("{9A19103F-16F7-4668-BE54-9A1E7A4F7556}") = "MunCode.Core.NetCore.Host", "MunCode.Core.NetCore.Host\MunCode.Core.NetCore.Host.csproj", "{6048F21E-8A49-4255-AF59-829DF7E98044}"
EndProject
Project("{2150E333-8FDC-42A3-9474-1A3956D46DE8}") = "Core", "Core", "{E539BA15-AF9B-4334-BC64-354EA99FFA89}"
EndProject
Project("{9A19103F-16F7-4668-BE54-9A1E7A4F7556}") = "MunCode.Core.Ioc.Castle", "MunCode.Core.Ioc.Castle\MunCode.Core.Ioc.Castle.csproj", "{C57A1656-CA05-4A75-85EB-139A99180093}"
EndProject
Project("{9A19103F-16F7-4668-BE54-9A1E7A4F7556}") = "MunCode.Core.Ioc.Castle.Tests", "MunCode.Core.Ioc.Castle.Tests\MunCode.Core.Ioc.Castle.Tests.csproj", "{DC074A3A-E616-4920-AA32-961F188DDA3C}"
EndProject
Project("{9A19103F-16F7-4668-BE54-9A1E7A4F7556}") = "MunCode.munERP.Sales.Model", "MunCode.munERP.Sales.Model\MunCode.munERP.Sales.Model.csproj", "{D506FF7A-B0E2-4D8E-A33D-79A12A927131}"
EndProject
Project("{9A19103F-16F7-4668-BE54-9A1E7A4F7556}") = "MunCode.munERP.Accounting.Model.EFCore", "MunCode.munERP.Accounting.Model.EFCore\MunCode.munERP.Accounting.Model.EFCore.csproj", "{CD2F448C-B21A-41B0-B2FA-CA13DEFB53BE}"
EndProject
Project("{9A19103F-16F7-4668-BE54-9A1E7A4F7556}") = "MunCode.munERP.Accounting.Model.EFCore.Plugin.Castle", "MunCode.munERP.Accounting.Model.EFCore.Plugin.Castle\MunCode.munERP.Accounting.Model.EFCore.Plugin.Castle.csproj", "{8D448ACC-8764-428A-8243-2656A2922A02}"
EndProject
Project("{9A19103F-16F7-4668-BE54-9A1E7A4F7556}") = "MunCode.munERP.Sales.Model.EFCore", "MunCode.munERP.Sales.Model.EFCore\MunCode.munERP.Sales.Model.EFCore.csproj", "{E613856B-9F95-441D-9095-2181FE1C73BF}"
EndProject
Project("{9A19103F-16F7-4668-BE54-9A1E7A4F7556}") = "MunCode.munERP.Sales.Model.EFCore.Plugin.Castle", "MunCode.munERP.Sales.Model.EFCore.Plugin.Castle\MunCode.munERP.Sales.Model.EFCore.Plugin.Castle.csproj", "{8D183F5D-0A63-4D71-BF83-DCC86E0FAA41}"
EndProject
Project("{9A19103F-16F7-4668-BE54-9A1E7A4F7556}") = "MunCode.munERP.Sales.Api", "MunCode.munERP.Sales.Api\MunCode.munERP.Sales.Api.csproj", "{61C16201-5B15-4877-9892-C020762AA248}"
EndProject
Project("{9A19103F-16F7-4668-BE54-9A1E7A4F7556}") = "MunCode.Core.Caching.Memory.Plugin.Castle", "MunCode.Core.Caching.Memory.Plugin.Castle\MunCode.Core.Caching.Memory.Plugin.Castle.csproj", "{BF639170-1799-43BF-B871-A4318FBC93DC}"
EndProject
Project("{9A19103F-16F7-4668-BE54-9A1E7A4F7556}") = "MunCode.Core.Messaging.Http.Plugin.Castle", "MunCode.Core.Messaging.Http.Plugin.Castle\MunCode.Core.Messaging.Http.Plugin.Castle.csproj", "{8E300BAD-A9E5-4629-ADD3-D2E5F5FC7BCD}"
EndProject
Project("{2150E333-8FDC-42A3-9474-1A3956D46DE8}") = "NOdes", "NOdes", "{CD02B570-5122-4DC3-86BB-F7FD5100BD64}"
EndProject
Project("{2150E333-8FDC-42A3-9474-1A3956D46DE8}") = "Data", "Data", "{D05E30E9-4EBE-42E4-8229-3F946B818EE5}"
EndProject
Project("{2150E333-8FDC-42A3-9474-1A3956D46DE8}") = "Channels", "Channels", "{77C3064F-B568-44E7-811B-7D8AF827A517}"
EndProject
Project("{2150E333-8FDC-42A3-9474-1A3956D46DE8}") = "Common", "Common", "{0D3F0D0D-7232-4289-805E-622E7ECCAD35}"
EndProject
Project("{2150E333-8FDC-42A3-9474-1A3956D46DE8}") = "Messaging", "Messaging", "{4BA1B8E7-26E5-412B-9671-CB2AF4B31D36}"
EndProject
Project("{2150E333-8FDC-42A3-9474-1A3956D46DE8}") = "Services", "Services", "{14AAFC19-DB98-4911-BD5B-93FF3E095500}"
EndProject
Global
	GlobalSection(SolutionConfigurationPlatforms) = preSolution
		Debug|Any CPU = Debug|Any CPU
		Release|Any CPU = Release|Any CPU
	EndGlobalSection
	GlobalSection(ProjectConfigurationPlatforms) = postSolution
		{A828B806-2A01-4486-B7EE-29B52445490D}.Debug|Any CPU.ActiveCfg = Debug|Any CPU
		{A828B806-2A01-4486-B7EE-29B52445490D}.Debug|Any CPU.Build.0 = Debug|Any CPU
		{A828B806-2A01-4486-B7EE-29B52445490D}.Release|Any CPU.ActiveCfg = Release|Any CPU
		{A828B806-2A01-4486-B7EE-29B52445490D}.Release|Any CPU.Build.0 = Release|Any CPU
		{26CCDA8A-8BCB-45C6-96F1-E31BA9977B71}.Debug|Any CPU.ActiveCfg = Debug|Any CPU
		{26CCDA8A-8BCB-45C6-96F1-E31BA9977B71}.Debug|Any CPU.Build.0 = Debug|Any CPU
		{26CCDA8A-8BCB-45C6-96F1-E31BA9977B71}.Release|Any CPU.ActiveCfg = Release|Any CPU
		{26CCDA8A-8BCB-45C6-96F1-E31BA9977B71}.Release|Any CPU.Build.0 = Release|Any CPU
		{C65FF524-F4FB-481C-934B-744046B902CF}.Debug|Any CPU.ActiveCfg = Debug|Any CPU
		{C65FF524-F4FB-481C-934B-744046B902CF}.Debug|Any CPU.Build.0 = Debug|Any CPU
		{C65FF524-F4FB-481C-934B-744046B902CF}.Release|Any CPU.ActiveCfg = Release|Any CPU
		{C65FF524-F4FB-481C-934B-744046B902CF}.Release|Any CPU.Build.0 = Release|Any CPU
		{5B598F06-8141-4385-A07F-F7A1567D5464}.Debug|Any CPU.ActiveCfg = Debug|Any CPU
		{5B598F06-8141-4385-A07F-F7A1567D5464}.Debug|Any CPU.Build.0 = Debug|Any CPU
		{5B598F06-8141-4385-A07F-F7A1567D5464}.Release|Any CPU.ActiveCfg = Release|Any CPU
		{5B598F06-8141-4385-A07F-F7A1567D5464}.Release|Any CPU.Build.0 = Release|Any CPU
		{D4A11F5A-5853-4CF1-BDA7-FAF089BEAE1C}.Debug|Any CPU.ActiveCfg = Debug|Any CPU
		{D4A11F5A-5853-4CF1-BDA7-FAF089BEAE1C}.Debug|Any CPU.Build.0 = Debug|Any CPU
		{D4A11F5A-5853-4CF1-BDA7-FAF089BEAE1C}.Release|Any CPU.ActiveCfg = Release|Any CPU
		{D4A11F5A-5853-4CF1-BDA7-FAF089BEAE1C}.Release|Any CPU.Build.0 = Release|Any CPU
		{ABE7A492-67D7-4ECF-9D47-7A2551D092CA}.Debug|Any CPU.ActiveCfg = Debug|Any CPU
		{ABE7A492-67D7-4ECF-9D47-7A2551D092CA}.Debug|Any CPU.Build.0 = Debug|Any CPU
		{ABE7A492-67D7-4ECF-9D47-7A2551D092CA}.Release|Any CPU.ActiveCfg = Release|Any CPU
		{ABE7A492-67D7-4ECF-9D47-7A2551D092CA}.Release|Any CPU.Build.0 = Release|Any CPU
		{3BA36C1D-646C-46D9-A324-FE162C388082}.Debug|Any CPU.ActiveCfg = Debug|Any CPU
		{3BA36C1D-646C-46D9-A324-FE162C388082}.Debug|Any CPU.Build.0 = Debug|Any CPU
		{3BA36C1D-646C-46D9-A324-FE162C388082}.Release|Any CPU.ActiveCfg = Release|Any CPU
		{3BA36C1D-646C-46D9-A324-FE162C388082}.Release|Any CPU.Build.0 = Release|Any CPU
		{3588964A-2534-4DB5-9F1E-C2CE55AAE7C1}.Debug|Any CPU.ActiveCfg = Debug|Any CPU
		{3588964A-2534-4DB5-9F1E-C2CE55AAE7C1}.Debug|Any CPU.Build.0 = Debug|Any CPU
		{3588964A-2534-4DB5-9F1E-C2CE55AAE7C1}.Release|Any CPU.ActiveCfg = Release|Any CPU
		{3588964A-2534-4DB5-9F1E-C2CE55AAE7C1}.Release|Any CPU.Build.0 = Release|Any CPU
		{FAE7D438-F316-46AA-B259-DB9C4CC2E6DE}.Debug|Any CPU.ActiveCfg = Debug|Any CPU
		{FAE7D438-F316-46AA-B259-DB9C4CC2E6DE}.Debug|Any CPU.Build.0 = Debug|Any CPU
		{FAE7D438-F316-46AA-B259-DB9C4CC2E6DE}.Release|Any CPU.ActiveCfg = Release|Any CPU
		{FAE7D438-F316-46AA-B259-DB9C4CC2E6DE}.Release|Any CPU.Build.0 = Release|Any CPU
		{8A590FEF-D726-4225-AE80-53F121D1C57B}.Debug|Any CPU.ActiveCfg = Debug|Any CPU
		{8A590FEF-D726-4225-AE80-53F121D1C57B}.Debug|Any CPU.Build.0 = Debug|Any CPU
		{8A590FEF-D726-4225-AE80-53F121D1C57B}.Release|Any CPU.ActiveCfg = Release|Any CPU
		{8A590FEF-D726-4225-AE80-53F121D1C57B}.Release|Any CPU.Build.0 = Release|Any CPU
		{CD143E8A-21FE-45A6-AB2F-2F3C2E6BC3E9}.Debug|Any CPU.ActiveCfg = Debug|Any CPU
		{CD143E8A-21FE-45A6-AB2F-2F3C2E6BC3E9}.Debug|Any CPU.Build.0 = Debug|Any CPU
		{CD143E8A-21FE-45A6-AB2F-2F3C2E6BC3E9}.Release|Any CPU.ActiveCfg = Release|Any CPU
		{CD143E8A-21FE-45A6-AB2F-2F3C2E6BC3E9}.Release|Any CPU.Build.0 = Release|Any CPU
		{8D55B87C-7EB5-42C0-A8FC-5AF4F5AA919D}.Debug|Any CPU.ActiveCfg = Debug|Any CPU
		{8D55B87C-7EB5-42C0-A8FC-5AF4F5AA919D}.Debug|Any CPU.Build.0 = Debug|Any CPU
		{8D55B87C-7EB5-42C0-A8FC-5AF4F5AA919D}.Release|Any CPU.ActiveCfg = Release|Any CPU
		{8D55B87C-7EB5-42C0-A8FC-5AF4F5AA919D}.Release|Any CPU.Build.0 = Release|Any CPU
		{D015E943-138E-4D34-866B-4902FD211D18}.Debug|Any CPU.ActiveCfg = Debug|Any CPU
		{D015E943-138E-4D34-866B-4902FD211D18}.Debug|Any CPU.Build.0 = Debug|Any CPU
		{D015E943-138E-4D34-866B-4902FD211D18}.Release|Any CPU.ActiveCfg = Release|Any CPU
		{D015E943-138E-4D34-866B-4902FD211D18}.Release|Any CPU.Build.0 = Release|Any CPU
		{49A02F0A-BDBE-4A9B-8943-704B02232F9D}.Debug|Any CPU.ActiveCfg = Debug|Any CPU
		{49A02F0A-BDBE-4A9B-8943-704B02232F9D}.Debug|Any CPU.Build.0 = Debug|Any CPU
		{49A02F0A-BDBE-4A9B-8943-704B02232F9D}.Release|Any CPU.ActiveCfg = Release|Any CPU
		{49A02F0A-BDBE-4A9B-8943-704B02232F9D}.Release|Any CPU.Build.0 = Release|Any CPU
		{5B014233-A4EA-41AC-B029-1A7F13535083}.Debug|Any CPU.ActiveCfg = Debug|Any CPU
		{5B014233-A4EA-41AC-B029-1A7F13535083}.Debug|Any CPU.Build.0 = Debug|Any CPU
		{5B014233-A4EA-41AC-B029-1A7F13535083}.Release|Any CPU.ActiveCfg = Release|Any CPU
		{5B014233-A4EA-41AC-B029-1A7F13535083}.Release|Any CPU.Build.0 = Release|Any CPU
		{6E87EAA5-2A4F-4068-B300-198D5A32D764}.Debug|Any CPU.ActiveCfg = Debug|Any CPU
		{6E87EAA5-2A4F-4068-B300-198D5A32D764}.Debug|Any CPU.Build.0 = Debug|Any CPU
		{6E87EAA5-2A4F-4068-B300-198D5A32D764}.Release|Any CPU.ActiveCfg = Release|Any CPU
		{6E87EAA5-2A4F-4068-B300-198D5A32D764}.Release|Any CPU.Build.0 = Release|Any CPU
		{5DD664F9-382E-48AA-8025-1D963CDD1A77}.Debug|Any CPU.ActiveCfg = Debug|Any CPU
		{5DD664F9-382E-48AA-8025-1D963CDD1A77}.Debug|Any CPU.Build.0 = Debug|Any CPU
		{5DD664F9-382E-48AA-8025-1D963CDD1A77}.Release|Any CPU.ActiveCfg = Release|Any CPU
		{5DD664F9-382E-48AA-8025-1D963CDD1A77}.Release|Any CPU.Build.0 = Release|Any CPU
		{6048F21E-8A49-4255-AF59-829DF7E98044}.Debug|Any CPU.ActiveCfg = Debug|Any CPU
		{6048F21E-8A49-4255-AF59-829DF7E98044}.Debug|Any CPU.Build.0 = Debug|Any CPU
		{6048F21E-8A49-4255-AF59-829DF7E98044}.Release|Any CPU.ActiveCfg = Release|Any CPU
		{6048F21E-8A49-4255-AF59-829DF7E98044}.Release|Any CPU.Build.0 = Release|Any CPU
		{C57A1656-CA05-4A75-85EB-139A99180093}.Debug|Any CPU.ActiveCfg = Debug|Any CPU
		{C57A1656-CA05-4A75-85EB-139A99180093}.Debug|Any CPU.Build.0 = Debug|Any CPU
		{C57A1656-CA05-4A75-85EB-139A99180093}.Release|Any CPU.ActiveCfg = Release|Any CPU
		{C57A1656-CA05-4A75-85EB-139A99180093}.Release|Any CPU.Build.0 = Release|Any CPU
		{DC074A3A-E616-4920-AA32-961F188DDA3C}.Debug|Any CPU.ActiveCfg = Debug|Any CPU
		{DC074A3A-E616-4920-AA32-961F188DDA3C}.Debug|Any CPU.Build.0 = Debug|Any CPU
		{DC074A3A-E616-4920-AA32-961F188DDA3C}.Release|Any CPU.ActiveCfg = Release|Any CPU
		{DC074A3A-E616-4920-AA32-961F188DDA3C}.Release|Any CPU.Build.0 = Release|Any CPU
		{D506FF7A-B0E2-4D8E-A33D-79A12A927131}.Debug|Any CPU.ActiveCfg = Debug|Any CPU
		{D506FF7A-B0E2-4D8E-A33D-79A12A927131}.Debug|Any CPU.Build.0 = Debug|Any CPU
		{D506FF7A-B0E2-4D8E-A33D-79A12A927131}.Release|Any CPU.ActiveCfg = Release|Any CPU
		{D506FF7A-B0E2-4D8E-A33D-79A12A927131}.Release|Any CPU.Build.0 = Release|Any CPU
		{CD2F448C-B21A-41B0-B2FA-CA13DEFB53BE}.Debug|Any CPU.ActiveCfg = Debug|Any CPU
		{CD2F448C-B21A-41B0-B2FA-CA13DEFB53BE}.Debug|Any CPU.Build.0 = Debug|Any CPU
		{CD2F448C-B21A-41B0-B2FA-CA13DEFB53BE}.Release|Any CPU.ActiveCfg = Release|Any CPU
		{CD2F448C-B21A-41B0-B2FA-CA13DEFB53BE}.Release|Any CPU.Build.0 = Release|Any CPU
		{8D448ACC-8764-428A-8243-2656A2922A02}.Debug|Any CPU.ActiveCfg = Debug|Any CPU
		{8D448ACC-8764-428A-8243-2656A2922A02}.Debug|Any CPU.Build.0 = Debug|Any CPU
		{8D448ACC-8764-428A-8243-2656A2922A02}.Release|Any CPU.ActiveCfg = Release|Any CPU
		{8D448ACC-8764-428A-8243-2656A2922A02}.Release|Any CPU.Build.0 = Release|Any CPU
		{E613856B-9F95-441D-9095-2181FE1C73BF}.Debug|Any CPU.ActiveCfg = Debug|Any CPU
		{E613856B-9F95-441D-9095-2181FE1C73BF}.Debug|Any CPU.Build.0 = Debug|Any CPU
		{E613856B-9F95-441D-9095-2181FE1C73BF}.Release|Any CPU.ActiveCfg = Release|Any CPU
		{E613856B-9F95-441D-9095-2181FE1C73BF}.Release|Any CPU.Build.0 = Release|Any CPU
		{8D183F5D-0A63-4D71-BF83-DCC86E0FAA41}.Debug|Any CPU.ActiveCfg = Debug|Any CPU
		{8D183F5D-0A63-4D71-BF83-DCC86E0FAA41}.Debug|Any CPU.Build.0 = Debug|Any CPU
		{8D183F5D-0A63-4D71-BF83-DCC86E0FAA41}.Release|Any CPU.ActiveCfg = Release|Any CPU
		{8D183F5D-0A63-4D71-BF83-DCC86E0FAA41}.Release|Any CPU.Build.0 = Release|Any CPU
		{61C16201-5B15-4877-9892-C020762AA248}.Debug|Any CPU.ActiveCfg = Debug|Any CPU
		{61C16201-5B15-4877-9892-C020762AA248}.Debug|Any CPU.Build.0 = Debug|Any CPU
		{61C16201-5B15-4877-9892-C020762AA248}.Release|Any CPU.ActiveCfg = Release|Any CPU
		{61C16201-5B15-4877-9892-C020762AA248}.Release|Any CPU.Build.0 = Release|Any CPU
		{BF639170-1799-43BF-B871-A4318FBC93DC}.Debug|Any CPU.ActiveCfg = Debug|Any CPU
		{BF639170-1799-43BF-B871-A4318FBC93DC}.Debug|Any CPU.Build.0 = Debug|Any CPU
		{BF639170-1799-43BF-B871-A4318FBC93DC}.Release|Any CPU.ActiveCfg = Release|Any CPU
		{BF639170-1799-43BF-B871-A4318FBC93DC}.Release|Any CPU.Build.0 = Release|Any CPU
		{8E300BAD-A9E5-4629-ADD3-D2E5F5FC7BCD}.Debug|Any CPU.ActiveCfg = Debug|Any CPU
		{8E300BAD-A9E5-4629-ADD3-D2E5F5FC7BCD}.Debug|Any CPU.Build.0 = Debug|Any CPU
		{8E300BAD-A9E5-4629-ADD3-D2E5F5FC7BCD}.Release|Any CPU.ActiveCfg = Release|Any CPU
		{8E300BAD-A9E5-4629-ADD3-D2E5F5FC7BCD}.Release|Any CPU.Build.0 = Release|Any CPU
	EndGlobalSection
	GlobalSection(SolutionProperties) = preSolution
		HideSolutionNode = FALSE
	EndGlobalSection
	GlobalSection(NestedProjects) = preSolution
		{A828B806-2A01-4486-B7EE-29B52445490D} = {E539BA15-AF9B-4334-BC64-354EA99FFA89}
		{26CCDA8A-8BCB-45C6-96F1-E31BA9977B71} = {E539BA15-AF9B-4334-BC64-354EA99FFA89}
		{C65FF524-F4FB-481C-934B-744046B902CF} = {CD02B570-5122-4DC3-86BB-F7FD5100BD64}
		{5B598F06-8141-4385-A07F-F7A1567D5464} = {E539BA15-AF9B-4334-BC64-354EA99FFA89}
		{D4A11F5A-5853-4CF1-BDA7-FAF089BEAE1C} = {E539BA15-AF9B-4334-BC64-354EA99FFA89}
		{ABE7A492-67D7-4ECF-9D47-7A2551D092CA} = {77C3064F-B568-44E7-811B-7D8AF827A517}
		{3BA36C1D-646C-46D9-A324-FE162C388082} = {E539BA15-AF9B-4334-BC64-354EA99FFA89}
		{3588964A-2534-4DB5-9F1E-C2CE55AAE7C1} = {0D3F0D0D-7232-4289-805E-622E7ECCAD35}
		{FAE7D438-F316-46AA-B259-DB9C4CC2E6DE} = {E539BA15-AF9B-4334-BC64-354EA99FFA89}
		{2BB5B1E0-25DB-4792-9C79-8C3AD1FA1FB1} = {E539BA15-AF9B-4334-BC64-354EA99FFA89}
		{8A590FEF-D726-4225-AE80-53F121D1C57B} = {CD02B570-5122-4DC3-86BB-F7FD5100BD64}
		{CD143E8A-21FE-45A6-AB2F-2F3C2E6BC3E9} = {4BA1B8E7-26E5-412B-9671-CB2AF4B31D36}
		{8D55B87C-7EB5-42C0-A8FC-5AF4F5AA919D} = {77C3064F-B568-44E7-811B-7D8AF827A517}
		{D015E943-138E-4D34-866B-4902FD211D18} = {0D3F0D0D-7232-4289-805E-622E7ECCAD35}
		{49A02F0A-BDBE-4A9B-8943-704B02232F9D} = {E539BA15-AF9B-4334-BC64-354EA99FFA89}
		{5B014233-A4EA-41AC-B029-1A7F13535083} = {14AAFC19-DB98-4911-BD5B-93FF3E095500}
		{6E87EAA5-2A4F-4068-B300-198D5A32D764} = {14AAFC19-DB98-4911-BD5B-93FF3E095500}
		{0756FDD3-F5A7-4F72-B5DA-A77F42E5B0B2} = {14AAFC19-DB98-4911-BD5B-93FF3E095500}
		{5DD664F9-382E-48AA-8025-1D963CDD1A77} = {D05E30E9-4EBE-42E4-8229-3F946B818EE5}
		{6048F21E-8A49-4255-AF59-829DF7E98044} = {E539BA15-AF9B-4334-BC64-354EA99FFA89}
		{C57A1656-CA05-4A75-85EB-139A99180093} = {E539BA15-AF9B-4334-BC64-354EA99FFA89}
		{DC074A3A-E616-4920-AA32-961F188DDA3C} = {E539BA15-AF9B-4334-BC64-354EA99FFA89}
		{D506FF7A-B0E2-4D8E-A33D-79A12A927131} = {14AAFC19-DB98-4911-BD5B-93FF3E095500}
		{CD2F448C-B21A-41B0-B2FA-CA13DEFB53BE} = {14AAFC19-DB98-4911-BD5B-93FF3E095500}
		{8D448ACC-8764-428A-8243-2656A2922A02} = {0756FDD3-F5A7-4F72-B5DA-A77F42E5B0B2}
		{E613856B-9F95-441D-9095-2181FE1C73BF} = {14AAFC19-DB98-4911-BD5B-93FF3E095500}
		{8D183F5D-0A63-4D71-BF83-DCC86E0FAA41} = {0756FDD3-F5A7-4F72-B5DA-A77F42E5B0B2}
		{61C16201-5B15-4877-9892-C020762AA248} = {14AAFC19-DB98-4911-BD5B-93FF3E095500}
		{BF639170-1799-43BF-B871-A4318FBC93DC} = {0D3F0D0D-7232-4289-805E-622E7ECCAD35}
		{8E300BAD-A9E5-4629-ADD3-D2E5F5FC7BCD} = {77C3064F-B568-44E7-811B-7D8AF827A517}
		{CD02B570-5122-4DC3-86BB-F7FD5100BD64} = {4BA1B8E7-26E5-412B-9671-CB2AF4B31D36}
		{D05E30E9-4EBE-42E4-8229-3F946B818EE5} = {2BB5B1E0-25DB-4792-9C79-8C3AD1FA1FB1}
		{77C3064F-B568-44E7-811B-7D8AF827A517} = {4BA1B8E7-26E5-412B-9671-CB2AF4B31D36}
		{0D3F0D0D-7232-4289-805E-622E7ECCAD35} = {2BB5B1E0-25DB-4792-9C79-8C3AD1FA1FB1}
		{4BA1B8E7-26E5-412B-9671-CB2AF4B31D36} = {2BB5B1E0-25DB-4792-9C79-8C3AD1FA1FB1}
		{14AAFC19-DB98-4911-BD5B-93FF3E095500} = {35099B72-EC25-4F7A-9683-770F633E13C1}
	EndGlobalSection
	GlobalSection(ExtensibilityGlobals) = postSolution
		SolutionGuid = {E437A16A-D74D-4935-BFF9-4CF91EE95D3B}
	EndGlobalSection
EndGlobal
